<?xml version="1.0" encoding="utf-8"?>
<Project ToolsVersion="4.0" xmlns="http://schemas.microsoft.com/developer/msbuild/2003">
  <ItemGroup>
    <ClCompile Include="..\Src\main.cpp">
      <Filter>Archivos de origen</Filter>
    </ClCompile>
    <ClCompile Include="..\Src\WatermelonBehaviorComponent.cpp">
      <Filter>Archivos de origen\Enemies\Watermelon</Filter>
    </ClCompile>
    <ClCompile Include="..\Src\WatermelonPoolComponent.cpp">
      <Filter>Archivos de origen\Enemies\Watermelon</Filter>
    </ClCompile>
    <ClCompile Include="..\Src\GranadeBulletPoolComponent.cpp">
      <Filter>Archivos de origen\Enemies\Granade</Filter>
    </ClCompile>
    <ClCompile Include="..\Src\GranadePoolComponent.cpp">
      <Filter>Archivos de origen\Enemies\Granade</Filter>
    </ClCompile>
    <ClCompile Include="..\Src\GrenadeBehaviorComponent.cpp">
      <Filter>Archivos de origen\Enemies\Granade</Filter>
    </ClCompile>
    <ClCompile Include="..\Src\GrenadeBulletBehaviorComponent.cpp">
      <Filter>Archivos de origen\Enemies\Granade</Filter>
    </ClCompile>
    <ClCompile Include="..\Src\LemonBehaviorComponent.cpp">
      <Filter>Archivos de origen\Enemies\Lemon</Filter>
    </ClCompile>
    <ClCompile Include="..\Src\LemonPoolComponent.cpp">
      <Filter>Archivos de origen\Enemies\Lemon</Filter>
    </ClCompile>
    <ClCompile Include="..\Src\LevelManagerComponent.cpp">
      <Filter>Archivos de origen\GameManager</Filter>
    </ClCompile>
    <ClCompile Include="..\Src\ScoreManagerComponent.cpp">
      <Filter>Archivos de origen\GameManager</Filter>
    </ClCompile>
    <ClCompile Include="..\Src\PlayerAttackComponent.cpp">
      <Filter>Archivos de origen\Player</Filter>
    </ClCompile>
    <ClCompile Include="..\Src\PlayerBulletBehaviorComponent.cpp">
      <Filter>Archivos de origen\Player</Filter>
    </ClCompile>
    <ClCompile Include="..\Src\PlayerBulletPoolComponent.cpp">
      <Filter>Archivos de origen\Player</Filter>
    </ClCompile>
    <ClCompile Include="..\Src\PlayerHealthComponent.cpp">
      <Filter>Archivos de origen\Player</Filter>
    </ClCompile>
    <ClCompile Include="..\Src\PlayerMovementComponent.cpp">
      <Filter>Archivos de origen\Player</Filter>
    </ClCompile>
    <ClCompile Include="..\Src\PlayerShootComponent.cpp">
      <Filter>Archivos de origen\Player</Filter>
    </ClCompile>
    <ClCompile Include="..\Src\EnemyBehaviorComponent.cpp">
      <Filter>Archivos de origen\Enemies</Filter>
    </ClCompile>
    <ClCompile Include="..\Src\EnemyHealthComponent.cpp">
      <Filter>Archivos de origen\Enemies</Filter>
    </ClCompile>
    <ClCompile Include="..\Src\EnemyPoolComponent.cpp">
      <Filter>Archivos de origen\Enemies</Filter>
    </ClCompile>
    <ClCompile Include="..\Src\PoolComponent.cpp">
      <Filter>Archivos de origen\Others</Filter>
    </ClCompile>
  </ItemGroup>
  <ItemGroup>
    <ClInclude Include="..\Src\EnemyBehaviorComponent.h">
      <Filter>Archivos de encabezado\Enemies</Filter>
    </ClInclude>
    <ClInclude Include="..\Src\EnemyHealthComponent.h">
      <Filter>Archivos de encabezado\Enemies</Filter>
    </ClInclude>
    <ClInclude Include="..\Src\LevelManagerComponent.h">
      <Filter>Archivos de encabezado\GameManager</Filter>
    </ClInclude>
    <ClInclude Include="..\Src\ScoreManagerComponent.h">
      <Filter>Archivos de encabezado\GameManager</Filter>
    </ClInclude>
    <ClInclude Include="..\Src\PlayerAttackComponent.h">
      <Filter>Archivos de encabezado\Player</Filter>
    </ClInclude>
    <ClInclude Include="..\Src\PlayerBulletBehaviorComponent.h">
      <Filter>Archivos de encabezado\Player</Filter>
    </ClInclude>
    <ClInclude Include="..\Src\PlayerBulletPoolComponent.h">
      <Filter>Archivos de encabezado\Player</Filter>
    </ClInclude>
    <ClInclude Include="..\Src\PlayerHealthComponent.h">
      <Filter>Archivos de encabezado\Player</Filter>
    </ClInclude>
    <ClInclude Include="..\Src\PlayerMovementComponent.h">
      <Filter>Archivos de encabezado\Player</Filter>
    </ClInclude>
    <ClInclude Include="..\Src\PlayerShootComponent.h">
      <Filter>Archivos de encabezado\Player</Filter>
    </ClInclude>
    <ClInclude Include="..\Src\UserComponentIDs.h">
      <Filter>Archivos de encabezado\Others</Filter>
    </ClInclude>
    <ClInclude Include="..\Src\PoolComponent.h">
      <Filter>Archivos de encabezado\Others</Filter>
    </ClInclude>
    <ClInclude Include="..\Src\WatermelonBehaviorComponent.h">
      <Filter>Archivos de encabezado\Enemies\Watermelon</Filter>
    </ClInclude>
    <ClInclude Include="..\Src\WatermelonPoolComponent.h">
      <Filter>Archivos de encabezado\Enemies\Watermelon</Filter>
    </ClInclude>
    <ClInclude Include="..\Src\LemonPoolComponent.h">
      <Filter>Archivos de encabezado\Enemies\Lemon</Filter>
    </ClInclude>
    <ClInclude Include="..\Src\LemonBehaviorComponent.h">
      <Filter>Archivos de encabezado\Enemies\Lemon</Filter>
    </ClInclude>
    <ClInclude Include="..\Src\GrenadeBulletBehaviorComponent.h">
      <Filter>Archivos de encabezado\Enemies\Granade</Filter>
    </ClInclude>
    <ClInclude Include="..\Src\GranadeBulletPoolComponent.h">
      <Filter>Archivos de encabezado\Enemies\Granade</Filter>
    </ClInclude>
    <ClInclude Include="..\Src\GranadePoolComponent.h">
      <Filter>Archivos de encabezado\Enemies\Granade</Filter>
    </ClInclude>
    <ClInclude Include="..\Src\GrenadeBehaviorComponent.h">
      <Filter>Archivos de encabezado\Enemies\Granade</Filter>
    </ClInclude>
    <ClInclude Include="..\Src\EnemyPoolComponent.h">
      <Filter>Archivos de encabezado\Enemies</Filter>
    </ClInclude>
  </ItemGroup>
  <ItemGroup>
    <Filter Include="Archivos de encabezado">
      <UniqueIdentifier>{a6314f0f-949f-418b-9faa-84e99c05ea5d}</UniqueIdentifier>
    </Filter>
    <Filter Include="Archivos de origen">
      <UniqueIdentifier>{8979982d-a3e4-4c45-bbc5-d10a2eef7605}</UniqueIdentifier>
    </Filter>
    <Filter Include="Archivos de encabezado\Enemies">
      <UniqueIdentifier>{22848887-3ec9-4816-b66e-fce4720156d0}</UniqueIdentifier>
    </Filter>
    <Filter Include="Archivos de encabezado\GameManager">
      <UniqueIdentifier>{a1351e61-57f2-4b8d-ac05-f5e5448d749d}</UniqueIdentifier>
    </Filter>
    <Filter Include="Archivos de encabezado\Player">
      <UniqueIdentifier>{4128019d-0c7f-4ed3-8bc5-40303e9f9737}</UniqueIdentifier>
    </Filter>
    <Filter Include="Archivos de encabezado\Others">
      <UniqueIdentifier>{9df136da-fa05-4917-a9e5-d7fd67f5c855}</UniqueIdentifier>
    </Filter>
    <Filter Include="Archivos de encabezado\Enemies\Granade">
      <UniqueIdentifier>{a8973fbd-e352-40ee-8168-507be0449b43}</UniqueIdentifier>
    </Filter>
    <Filter Include="Archivos de encabezado\Enemies\Lemon">
      <UniqueIdentifier>{834a53c9-4fc5-41a2-b6be-67c92ad42a74}</UniqueIdentifier>
    </Filter>
    <Filter Include="Archivos de encabezado\Enemies\Watermelon">
      <UniqueIdentifier>{4461c00c-5e7e-4207-a278-fc883da4cb44}</UniqueIdentifier>
    </Filter>
    <Filter Include="Archivos de origen\Enemies">
      <UniqueIdentifier>{a946d267-5668-4539-a8fe-9f93ae2a14ac}</UniqueIdentifier>
    </Filter>
    <Filter Include="Archivos de origen\GameManager">
      <UniqueIdentifier>{6369fb35-26ff-4c11-94e7-83a4df179431}</UniqueIdentifier>
    </Filter>
    <Filter Include="Archivos de origen\Player">
      <UniqueIdentifier>{9e9211b4-5c3d-4458-bde0-e1e31176d9ce}</UniqueIdentifier>
    </Filter>
    <Filter Include="Archivos de origen\Others">
      <UniqueIdentifier>{58b69677-3efe-4f67-bd70-a2bd1865ae54}</UniqueIdentifier>
    </Filter>
    <Filter Include="Archivos de origen\Enemies\Granade">
      <UniqueIdentifier>{bd0f79b0-ada3-4dc6-a130-f550448caf7f}</UniqueIdentifier>
    </Filter>
    <Filter Include="Archivos de origen\Enemies\Lemon">
      <UniqueIdentifier>{cc6979ba-1c2e-46dd-a85f-a1e5b96b0d7f}</UniqueIdentifier>
    </Filter>
    <Filter Include="Archivos de origen\Enemies\Watermelon">
      <UniqueIdentifier>{3e2416e3-8726-4b90-9d4e-71f756f0f3c1}</UniqueIdentifier>
    </Filter>
  </ItemGroup>
</Project>